# @generated - this file is auto-generated by `mise lock` https://mise.en.dev/dev-tools/mise-lock.html

[[tools."github:presmihaylov/todocheck"]]
version = "0.6.1"
backend = "github:presmihaylov/todocheck"

[tools."github:presmihaylov/todocheck".options]
asset_pattern = "todocheck-v*-linux-arm64"

[tools."github:presmihaylov/todocheck"."platforms.linux-arm64"]
checksum = "sha256:3a346e0dddab91958f44dc7b268f1b4d249a110e549984201d2969641c7b413f"
url = "https://github.com/presmihaylov/todocheck/releases/download/v0.6.1/todocheck-v0.6.1-linux-arm64"
url_api = "https://api.github.com/repos/presmihaylov/todocheck/releases/assets/130568005"

[tools."github:presmihaylov/todocheck"."platforms.linux-arm64-musl"]
checksum = "sha256:3a346e0dddab91958f44dc7b268f1b4d249a110e549984201d2969641c7b413f"
url = "https://github.com/presmihaylov/todocheck/releases/download/v0.6.1/todocheck-v0.6.1-linux-arm64"
url_api = "https://api.github.com/repos/presmihaylov/todocheck/releases/assets/130568005"

[tools."github:presmihaylov/todocheck"."platforms.linux-x64"]
checksum = "sha256:3a346e0dddab91958f44dc7b268f1b4d249a110e549984201d2969641c7b413f"
url = "https://github.com/presmihaylov/todocheck/releases/download/v0.6.1/todocheck-v0.6.1-linux-arm64"
url_api = "https://api.github.com/repos/presmihaylov/todocheck/releases/assets/130568005"

[tools."github:presmihaylov/todocheck"."platforms.linux-x64-musl"]
checksum = "sha256:3a346e0dddab91958f44dc7b268f1b4d249a110e549984201d2969641c7b413f"
url = "https://github.com/presmihaylov/todocheck/releases/download/v0.6.1/todocheck-v0.6.1-linux-arm64"
url_api = "https://api.github.com/repos/presmihaylov/todocheck/releases/assets/130568005"

[tools."github:presmihaylov/todocheck"."platforms.macos-arm64"]
checksum = "sha256:3a346e0dddab91958f44dc7b268f1b4d249a110e549984201d2969641c7b413f"
url = "https://github.com/presmihaylov/todocheck/releases/download/v0.6.1/todocheck-v0.6.1-linux-arm64"
url_api = "https://api.github.com/repos/presmihaylov/todocheck/releases/assets/130568005"

[tools."github:presmihaylov/todocheck"."platforms.macos-x64"]
checksum = "sha256:3a346e0dddab91958f44dc7b268f1b4d249a110e549984201d2969641c7b413f"
url = "https://github.com/presmihaylov/todocheck/releases/download/v0.6.1/todocheck-v0.6.1-linux-arm64"
url_api = "https://api.github.com/repos/presmihaylov/todocheck/releases/assets/130568005"

[tools."github:presmihaylov/todocheck"."platforms.windows-x64"]
checksum = "sha256:3a346e0dddab91958f44dc7b268f1b4d249a110e549984201d2969641c7b413f"
url = "https://github.com/presmihaylov/todocheck/releases/download/v0.6.1/todocheck-v0.6.1-linux-arm64"
url_api = "https://api.github.com/repos/presmihaylov/todocheck/releases/assets/130568005"
